# THIS IS AN AUTOGENERATED FILE. DO NOT EDIT THIS FILE DIRECTLY.
# yarn lockfile v1


"english-persian-dictionary@^1.1.0":
  "integrity" "sha512-GD5B8uYJI8VA07m0iSGr510rfEDdKpLTNMM3l/me1/a20qPoeKvNvZgV/Le5bq+wcDP8xQsYNdoPZ+boP7xETQ=="
  "resolved" "https://registry.npmjs.org/english-persian-dictionary/-/english-persian-dictionary-1.1.0.tgz"
  "version" "1.1.0"
